
Microsoft Visual Studio Solution File, Format Version 12.00
# Visual Studio 15
VisualStudioVersion = 15.0.27428.2005
MinimumVisualStudioVersion = 10.0.40219.1
Project("{FAE04EC0-301F-11D3-BF4B-00C04F79EFBC}") = "EthereumSqlUtils", "EthereumSqlUtils\EthereumSqlUtils.csproj", "{AF80832E-0280-40C4-8976-90B02A0DC2C3}"
EndProject
Project("{FAE04EC0-301F-11D3-BF4B-00C04F79EFBC}") = "EthereumSqlUtils.Tests", "EthereumSqlUtils.Tests\EthereumSqlUtils.Tests.csproj", "{D4C80B4A-16E4-4543-A7A8-95BDE99863B3}"
EndProject
Global
	GlobalSection(SolutionConfigurationPlatforms) = preSolution
		Debug|Any CPU = Debug|Any CPU
		Release|Any CPU = Release|Any CPU
	EndGlobalSection
	GlobalSection(ProjectConfigurationPlatforms) = postSolution
		{AF80832E-0280-40C4-8976-90B02A0DC2C3}.Debug|Any CPU.ActiveCfg = Debug|Any CPU
		{AF80832E-0280-40C4-8976-90B02A0DC2C3}.Debug|Any CPU.Build.0 = Debug|Any CPU
		{AF80832E-0280-40C4-8976-90B02A0DC2C3}.Release|Any CPU.ActiveCfg = Release|Any CPU
		{AF80832E-0280-40C4-8976-90B02A0DC2C3}.Release|Any CPU.Build.0 = Release|Any CPU
		{D4C80B4A-16E4-4543-A7A8-95BDE99863B3}.Debug|Any CPU.ActiveCfg = Debug|Any CPU
		{D4C80B4A-16E4-4543-A7A8-95BDE99863B3}.Debug|Any CPU.Build.0 = Debug|Any CPU
		{D4C80B4A-16E4-4543-A7A8-95BDE99863B3}.Release|Any CPU.ActiveCfg = Release|Any CPU
		{D4C80B4A-16E4-4543-A7A8-95BDE99863B3}.Release|Any CPU.Build.0 = Release|Any CPU
	EndGlobalSection
	GlobalSection(SolutionProperties) = preSolution
		HideSolutionNode = FALSE
	EndGlobalSection
	GlobalSection(ExtensibilityGlobals) = postSolution
		SolutionGuid = {A6A00B8D-EC6B-4D6F-A422-FAB300DF51AA}
	EndGlobalSection
EndGlobal
